
Microsoft Visual Studio Solution File, Format Version 12.00
# Visual Studio Version 17
VisualStudioVersion = 17.6.33829.357
MinimumVisualStudioVersion = 10.0.40219.1
Project("{8BC9CEB8-8B4A-11D0-8D11-00A0C91BC942}") = "NC_Prog_Block", "..\all_prj\NC_Prog_Block\NC_Prog_Block.vcxproj", "{ED1E166E-0F11-415E-BF14-CA9428160045}"
EndProject
Project("{8BC9CEB8-8B4A-11D0-8D11-00A0C91BC942}") = "NC_Prog_Block_Prog_Struct", "..\all_prj\NC_Prog_Block_Prog_Struct\NC_Prog_Block_Prog_Struct.vcxproj", "{C4272F1D-F833-48C0-AB87-7F5DBF316AFB}"
EndProject
Project("{8BC9CEB8-8B4A-11D0-8D11-00A0C91BC942}") = "NC_Prog_DebugTool", "..\all_prj\NC_Prog_DebugTool\NC_Prog_DebugTool.vcxproj", "{707FCA62-9858-4B89-8BC7-6F04802D39F5}"
EndProject
Project("{8BC9CEB8-8B4A-11D0-8D11-00A0C91BC942}") = "NC_Prog_nb_NC_Block", "..\all_prj\NC_Prog_nb_NC_Block\NC_Prog_nb_NC_Block.vcxproj", "{A1AE411A-56F6-4585-8987-F4BD89F31A98}"
	ProjectSection(ProjectDependencies) = postProject
		{424DFC69-9EAD-4BB3-B4CE-EE14F915CAB3} = {424DFC69-9EAD-4BB3-B4CE-EE14F915CAB3}
	EndProjectSection
EndProject
Project("{8BC9CEB8-8B4A-11D0-8D11-00A0C91BC942}") = "NC_Prog_nb_NC_Block_matrix", "..\all_prj\NC_Prog_nb_NC_Block_matrix\NC_Prog_nb_NC_Block_matrix.vcxproj", "{2AE3FB83-EBD9-449F-B2FA-C87798F65014}"
EndProject
Project("{8BC9CEB8-8B4A-11D0-8D11-00A0C91BC942}") = "NC_Prog_Show_WorkPart_and_ShaLun", "..\all_prj\NC_Prog_Show_WorkPart_and_ShaLun\NC_Prog_Show_WorkPart_and_ShaLun.vcxproj", "{5F1328F5-9088-44CF-B42A-B5C85C099A9E}"
EndProject
Project("{8BC9CEB8-8B4A-11D0-8D11-00A0C91BC942}") = "NC_Prog_Virtual_Machine", "..\all_prj\NC_Prog_Virtual_Machine\NC_Prog_Virtual_Machine.vcxproj", "{424DFC69-9EAD-4BB3-B4CE-EE14F915CAB3}"
EndProject
Project("{8BC9CEB8-8B4A-11D0-8D11-00A0C91BC942}") = "NC_Prog_visualize_manager", "..\all_prj\NC_Prog_visualize_manager\NC_Prog_visualize_manager.vcxproj", "{2858E322-A452-4F77-BA12-37B334570772}"
EndProject
Project("{8BC9CEB8-8B4A-11D0-8D11-00A0C91BC942}") = "NC_Prog_WorkPart", "..\all_prj\NC_Prog_WorkPart\NC_Prog_WorkPart.vcxproj", "{39474D00-930F-4050-B439-34930B44D3FA}"
EndProject
Project("{2150E333-8FDC-42A3-9474-1A3956D46DE8}") = "1.1-虚拟机", "1.1-虚拟机", "{DB85F151-4359-411E-B1F1-EA5C5FC29F48}"
EndProject
Project("{2150E333-8FDC-42A3-9474-1A3956D46DE8}") = "1.2-内部块", "1.2-内部块", "{78A5DEF2-1E13-4E25-AFAE-57D8721CC514}"
EndProject
Project("{2150E333-8FDC-42A3-9474-1A3956D46DE8}") = "1.3", "1.3", "{53065FD7-69DE-41BA-B13F-1339C265A702}"
EndProject
Project("{2150E333-8FDC-42A3-9474-1A3956D46DE8}") = "1.4-程序块", "1.4-程序块", "{9F54E0D2-EA19-47B3-A895-ED0154352811}"
EndProject
Project("{2150E333-8FDC-42A3-9474-1A3956D46DE8}") = "1.5-程序结构", "1.5-程序结构", "{B58A0895-F8E5-49C6-A7C9-E52705A705C7}"
EndProject
Project("{2150E333-8FDC-42A3-9474-1A3956D46DE8}") = "1.6-调试器", "1.6-调试器", "{54CDC48B-1E3F-4D0F-97E8-B1A399E1C91E}"
EndProject
Project("{2150E333-8FDC-42A3-9474-1A3956D46DE8}") = "2.0-工件数据类", "2.0-工件数据类", "{856A40E6-CF23-4BA4-9E06-CA8CFFAA3C8B}"
EndProject
Project("{2150E333-8FDC-42A3-9474-1A3956D46DE8}") = "2.1-工件显示类", "2.1-工件显示类", "{49F8D446-A675-4A3F-8E22-9F4C9A8EFCC5}"
EndProject
Project("{2150E333-8FDC-42A3-9474-1A3956D46DE8}") = "3.0-砂轮相关", "3.0-砂轮相关", "{50A278D8-D514-4B66-94CA-7A4576747F4B}"
EndProject
Project("{2150E333-8FDC-42A3-9474-1A3956D46DE8}") = "4-3D-（1.1）", "4-3D-（1.1）", "{01AE5ED8-8474-41D0-8A20-B11310EE59C0}"
EndProject
Project("{2150E333-8FDC-42A3-9474-1A3956D46DE8}") = "9.5-程序管理（1.6+3.0+4+5.1）", "9.5-程序管理（1.6+3.0+4+5.1）", "{7D72869D-8A0A-4891-B5C5-6A615A5F93FA}"
EndProject
Project("{8BC9CEB8-8B4A-11D0-8D11-00A0C91BC942}") = "gy_dll_time_updata", "..\all_prj\gy_dll_time_updata\gy_dll_time_updata.vcxproj", "{0984D63F-F5E6-4EBF-9432-51A178F186E7}"
EndProject
Project("{8BC9CEB8-8B4A-11D0-8D11-00A0C91BC942}") = "NC_RotateShow", "..\all_prj\NC_RotateShow\NC_RotateShow.vcxproj", "{CA0240EF-44EC-4C68-A1B6-138588480BAF}"
EndProject
Project("{8BC9CEB8-8B4A-11D0-8D11-00A0C91BC942}") = "NC_wheel_data", "..\all_prj\NC_wheel_data\NC_wheel_data.vcxproj", "{2FA873AD-D0A4-480F-9BD6-748AA1951A19}"
EndProject
Project("{2150E333-8FDC-42A3-9474-1A3956D46DE8}") = "5.0-2D", "5.0-2D", "{03772B7F-FCBE-4AAD-A14F-057D5F1BA094}"
EndProject
Project("{8BC9CEB8-8B4A-11D0-8D11-00A0C91BC942}") = "NC_wheel_Intersecting_line", "..\all_prj\NC_wheel_Intersecting_line\NC_wheel_Intersecting_line.vcxproj", "{FE152027-14FD-49B8-8AF4-3A048C1A6854}"
EndProject
Project("{8BC9CEB8-8B4A-11D0-8D11-00A0C91BC942}") = "jiemian_show", "..\all_prj\jiemian_show2D\jiemian_show2D.vcxproj", "{04078880-045B-4D06-B138-809AAB0DFA58}"
EndProject
Project("{2150E333-8FDC-42A3-9474-1A3956D46DE8}") = "5.1-2D显示", "5.1-2D显示", "{D3B55DF0-F24C-47B9-BA13-98C2CA7C44BC}"
EndProject
Project("{8BC9CEB8-8B4A-11D0-8D11-00A0C91BC942}") = "Prog_Manager", "..\all_prj\Prog_Manager\Prog_Manager.vcxproj", "{63C8115D-EA03-420B-8F57-D9C311EED25E}"
EndProject
Project("{8BC9CEB8-8B4A-11D0-8D11-00A0C91BC942}") = "Gongxu_Canshu_Process", "..\all_prj\Gongxu_Canshu_Process\Gongxu_Canshu_Process.vcxproj", "{2E0B0BF5-E4F4-4551-B1ED-E03B9A04FB53}"
EndProject
Project("{8BC9CEB8-8B4A-11D0-8D11-00A0C91BC942}") = "ShaLun_dialog_dll", "..\all_prj\ShaLun_dialog_dll\ShaLun_dialog_dll.vcxproj", "{6279F7CC-1961-4F63-9E38-97327AA01EB5}"
EndProject
Project("{2150E333-8FDC-42A3-9474-1A3956D46DE8}") = "3.1-砂轮dlg", "3.1-砂轮dlg", "{CA1F943F-00BF-4EF7-BA03-11852760A4F5}"
EndProject
Global
	GlobalSection(SolutionConfigurationPlatforms) = preSolution
		Debug|x64 = Debug|x64
		Debug|x86 = Debug|x86
		Release|x64 = Release|x64
		Release|x86 = Release|x86
	EndGlobalSection
	GlobalSection(ProjectConfigurationPlatforms) = postSolution
		{ED1E166E-0F11-415E-BF14-CA9428160045}.Debug|x64.ActiveCfg = Debug|x64
		{ED1E166E-0F11-415E-BF14-CA9428160045}.Debug|x64.Build.0 = Debug|x64
		{ED1E166E-0F11-415E-BF14-CA9428160045}.Debug|x86.ActiveCfg = Debug|Win32
		{ED1E166E-0F11-415E-BF14-CA9428160045}.Debug|x86.Build.0 = Debug|Win32
		{ED1E166E-0F11-415E-BF14-CA9428160045}.Release|x64.ActiveCfg = Release|x64
		{ED1E166E-0F11-415E-BF14-CA9428160045}.Release|x64.Build.0 = Release|x64
		{ED1E166E-0F11-415E-BF14-CA9428160045}.Release|x86.ActiveCfg = Release|Win32
		{ED1E166E-0F11-415E-BF14-CA9428160045}.Release|x86.Build.0 = Release|Win32
		{C4272F1D-F833-48C0-AB87-7F5DBF316AFB}.Debug|x64.ActiveCfg = Debug|x64
		{C4272F1D-F833-48C0-AB87-7F5DBF316AFB}.Debug|x64.Build.0 = Debug|x64
		{C4272F1D-F833-48C0-AB87-7F5DBF316AFB}.Debug|x86.ActiveCfg = Debug|Win32
		{C4272F1D-F833-48C0-AB87-7F5DBF316AFB}.Debug|x86.Build.0 = Debug|Win32
		{C4272F1D-F833-48C0-AB87-7F5DBF316AFB}.Release|x64.ActiveCfg = Release|x64
		{C4272F1D-F833-48C0-AB87-7F5DBF316AFB}.Release|x64.Build.0 = Release|x64
		{C4272F1D-F833-48C0-AB87-7F5DBF316AFB}.Release|x86.ActiveCfg = Release|Win32
		{C4272F1D-F833-48C0-AB87-7F5DBF316AFB}.Release|x86.Build.0 = Release|Win32
		{707FCA62-9858-4B89-8BC7-6F04802D39F5}.Debug|x64.ActiveCfg = Debug|x64
		{707FCA62-9858-4B89-8BC7-6F04802D39F5}.Debug|x64.Build.0 = Debug|x64
		{707FCA62-9858-4B89-8BC7-6F04802D39F5}.Debug|x86.ActiveCfg = Debug|Win32
		{707FCA62-9858-4B89-8BC7-6F04802D39F5}.Debug|x86.Build.0 = Debug|Win32
		{707FCA62-9858-4B89-8BC7-6F04802D39F5}.Release|x64.ActiveCfg = Release|x64
		{707FCA62-9858-4B89-8BC7-6F04802D39F5}.Release|x64.Build.0 = Release|x64
		{707FCA62-9858-4B89-8BC7-6F04802D39F5}.Release|x86.ActiveCfg = Release|Win32
		{707FCA62-9858-4B89-8BC7-6F04802D39F5}.Release|x86.Build.0 = Release|Win32
		{A1AE411A-56F6-4585-8987-F4BD89F31A98}.Debug|x64.ActiveCfg = Debug|x64
		{A1AE411A-56F6-4585-8987-F4BD89F31A98}.Debug|x64.Build.0 = Debug|x64
		{A1AE411A-56F6-4585-8987-F4BD89F31A98}.Debug|x86.ActiveCfg = Debug|Win32
		{A1AE411A-56F6-4585-8987-F4BD89F31A98}.Debug|x86.Build.0 = Debug|Win32
		{A1AE411A-56F6-4585-8987-F4BD89F31A98}.Release|x64.ActiveCfg = Release|x64
		{A1AE411A-56F6-4585-8987-F4BD89F31A98}.Release|x64.Build.0 = Release|x64
		{A1AE411A-56F6-4585-8987-F4BD89F31A98}.Release|x86.ActiveCfg = Release|Win32
		{A1AE411A-56F6-4585-8987-F4BD89F31A98}.Release|x86.Build.0 = Release|Win32
		{2AE3FB83-EBD9-449F-B2FA-C87798F65014}.Debug|x64.ActiveCfg = Debug|x64
		{2AE3FB83-EBD9-449F-B2FA-C87798F65014}.Debug|x64.Build.0 = Debug|x64
		{2AE3FB83-EBD9-449F-B2FA-C87798F65014}.Debug|x86.ActiveCfg = Debug|Win32
		{2AE3FB83-EBD9-449F-B2FA-C87798F65014}.Debug|x86.Build.0 = Debug|Win32
		{2AE3FB83-EBD9-449F-B2FA-C87798F65014}.Release|x64.ActiveCfg = Release|x64
		{2AE3FB83-EBD9-449F-B2FA-C87798F65014}.Release|x64.Build.0 = Release|x64
		{2AE3FB83-EBD9-449F-B2FA-C87798F65014}.Release|x86.ActiveCfg = Release|Win32
		{2AE3FB83-EBD9-449F-B2FA-C87798F65014}.Release|x86.Build.0 = Release|Win32
		{5F1328F5-9088-44CF-B42A-B5C85C099A9E}.Debug|x64.ActiveCfg = Debug|x64
		{5F1328F5-9088-44CF-B42A-B5C85C099A9E}.Debug|x64.Build.0 = Debug|x64
		{5F1328F5-9088-44CF-B42A-B5C85C099A9E}.Debug|x86.ActiveCfg = Debug|Win32
		{5F1328F5-9088-44CF-B42A-B5C85C099A9E}.Debug|x86.Build.0 = Debug|Win32
		{5F1328F5-9088-44CF-B42A-B5C85C099A9E}.Release|x64.ActiveCfg = Release|x64
		{5F1328F5-9088-44CF-B42A-B5C85C099A9E}.Release|x64.Build.0 = Release|x64
		{5F1328F5-9088-44CF-B42A-B5C85C099A9E}.Release|x86.ActiveCfg = Release|Win32
		{5F1328F5-9088-44CF-B42A-B5C85C099A9E}.Release|x86.Build.0 = Release|Win32
		{424DFC69-9EAD-4BB3-B4CE-EE14F915CAB3}.Debug|x64.ActiveCfg = Debug|x64
		{424DFC69-9EAD-4BB3-B4CE-EE14F915CAB3}.Debug|x64.Build.0 = Debug|x64
		{424DFC69-9EAD-4BB3-B4CE-EE14F915CAB3}.Debug|x86.ActiveCfg = Debug|Win32
		{424DFC69-9EAD-4BB3-B4CE-EE14F915CAB3}.Debug|x86.Build.0 = Debug|Win32
		{424DFC69-9EAD-4BB3-B4CE-EE14F915CAB3}.Release|x64.ActiveCfg = Release|x64
		{424DFC69-9EAD-4BB3-B4CE-EE14F915CAB3}.Release|x64.Build.0 = Release|x64
		{424DFC69-9EAD-4BB3-B4CE-EE14F915CAB3}.Release|x86.ActiveCfg = Release|Win32
		{424DFC69-9EAD-4BB3-B4CE-EE14F915CAB3}.Release|x86.Build.0 = Release|Win32
		{2858E322-A452-4F77-BA12-37B334570772}.Debug|x64.ActiveCfg = Debug|x64
		{2858E322-A452-4F77-BA12-37B334570772}.Debug|x64.Build.0 = Debug|x64
		{2858E322-A452-4F77-BA12-37B334570772}.Debug|x86.ActiveCfg = Debug|Win32
		{2858E322-A452-4F77-BA12-37B334570772}.Debug|x86.Build.0 = Debug|Win32
		{2858E322-A452-4F77-BA12-37B334570772}.Release|x64.ActiveCfg = Release|x64
		{2858E322-A452-4F77-BA12-37B334570772}.Release|x64.Build.0 = Release|x64
		{2858E322-A452-4F77-BA12-37B334570772}.Release|x86.ActiveCfg = Release|Win32
		{2858E322-A452-4F77-BA12-37B334570772}.Release|x86.Build.0 = Release|Win32
		{39474D00-930F-4050-B439-34930B44D3FA}.Debug|x64.ActiveCfg = Debug|x64
		{39474D00-930F-4050-B439-34930B44D3FA}.Debug|x64.Build.0 = Debug|x64
		{39474D00-930F-4050-B439-34930B44D3FA}.Debug|x86.ActiveCfg = Debug|Win32
		{39474D00-930F-4050-B439-34930B44D3FA}.Debug|x86.Build.0 = Debug|Win32
		{39474D00-930F-4050-B439-34930B44D3FA}.Release|x64.ActiveCfg = Release|x64
		{39474D00-930F-4050-B439-34930B44D3FA}.Release|x64.Build.0 = Release|x64
		{39474D00-930F-4050-B439-34930B44D3FA}.Release|x86.ActiveCfg = Release|Win32
		{39474D00-930F-4050-B439-34930B44D3FA}.Release|x86.Build.0 = Release|Win32
		{0984D63F-F5E6-4EBF-9432-51A178F186E7}.Debug|x64.ActiveCfg = Debug|x64
		{0984D63F-F5E6-4EBF-9432-51A178F186E7}.Debug|x64.Build.0 = Debug|x64
		{0984D63F-F5E6-4EBF-9432-51A178F186E7}.Debug|x86.ActiveCfg = Debug|Win32
		{0984D63F-F5E6-4EBF-9432-51A178F186E7}.Debug|x86.Build.0 = Debug|Win32
		{0984D63F-F5E6-4EBF-9432-51A178F186E7}.Release|x64.ActiveCfg = Release|x64
		{0984D63F-F5E6-4EBF-9432-51A178F186E7}.Release|x64.Build.0 = Release|x64
		{0984D63F-F5E6-4EBF-9432-51A178F186E7}.Release|x86.ActiveCfg = Release|Win32
		{0984D63F-F5E6-4EBF-9432-51A178F186E7}.Release|x86.Build.0 = Release|Win32
		{CA0240EF-44EC-4C68-A1B6-138588480BAF}.Debug|x64.ActiveCfg = Debug|x64
		{CA0240EF-44EC-4C68-A1B6-138588480BAF}.Debug|x64.Build.0 = Debug|x64
		{CA0240EF-44EC-4C68-A1B6-138588480BAF}.Debug|x86.ActiveCfg = Debug|Win32
		{CA0240EF-44EC-4C68-A1B6-138588480BAF}.Debug|x86.Build.0 = Debug|Win32
		{CA0240EF-44EC-4C68-A1B6-138588480BAF}.Release|x64.ActiveCfg = Release|x64
		{CA0240EF-44EC-4C68-A1B6-138588480BAF}.Release|x64.Build.0 = Release|x64
		{CA0240EF-44EC-4C68-A1B6-138588480BAF}.Release|x86.ActiveCfg = Release|Win32
		{CA0240EF-44EC-4C68-A1B6-138588480BAF}.Release|x86.Build.0 = Release|Win32
		{2FA873AD-D0A4-480F-9BD6-748AA1951A19}.Debug|x64.ActiveCfg = Debug|x64
		{2FA873AD-D0A4-480F-9BD6-748AA1951A19}.Debug|x64.Build.0 = Debug|x64
		{2FA873AD-D0A4-480F-9BD6-748AA1951A19}.Debug|x86.ActiveCfg = Debug|Win32
		{2FA873AD-D0A4-480F-9BD6-748AA1951A19}.Debug|x86.Build.0 = Debug|Win32
		{2FA873AD-D0A4-480F-9BD6-748AA1951A19}.Release|x64.ActiveCfg = Release|x64
		{2FA873AD-D0A4-480F-9BD6-748AA1951A19}.Release|x64.Build.0 = Release|x64
		{2FA873AD-D0A4-480F-9BD6-748AA1951A19}.Release|x86.ActiveCfg = Release|Win32
		{2FA873AD-D0A4-480F-9BD6-748AA1951A19}.Release|x86.Build.0 = Release|Win32
		{FE152027-14FD-49B8-8AF4-3A048C1A6854}.Debug|x64.ActiveCfg = Debug|x64
		{FE152027-14FD-49B8-8AF4-3A048C1A6854}.Debug|x64.Build.0 = Debug|x64
		{FE152027-14FD-49B8-8AF4-3A048C1A6854}.Debug|x86.ActiveCfg = Debug|Win32
		{FE152027-14FD-49B8-8AF4-3A048C1A6854}.Debug|x86.Build.0 = Debug|Win32
		{FE152027-14FD-49B8-8AF4-3A048C1A6854}.Release|x64.ActiveCfg = Release|x64
		{FE152027-14FD-49B8-8AF4-3A048C1A6854}.Release|x64.Build.0 = Release|x64
		{FE152027-14FD-49B8-8AF4-3A048C1A6854}.Release|x86.ActiveCfg = Release|Win32
		{FE152027-14FD-49B8-8AF4-3A048C1A6854}.Release|x86.Build.0 = Release|Win32
		{04078880-045B-4D06-B138-809AAB0DFA58}.Debug|x64.ActiveCfg = Debug|x64
		{04078880-045B-4D06-B138-809AAB0DFA58}.Debug|x64.Build.0 = Debug|x64
		{04078880-045B-4D06-B138-809AAB0DFA58}.Debug|x86.ActiveCfg = Debug|Win32
		{04078880-045B-4D06-B138-809AAB0DFA58}.Debug|x86.Build.0 = Debug|Win32
		{04078880-045B-4D06-B138-809AAB0DFA58}.Release|x64.ActiveCfg = Release|x64
		{04078880-045B-4D06-B138-809AAB0DFA58}.Release|x64.Build.0 = Release|x64
		{04078880-045B-4D06-B138-809AAB0DFA58}.Release|x86.ActiveCfg = Release|Win32
		{04078880-045B-4D06-B138-809AAB0DFA58}.Release|x86.Build.0 = Release|Win32
		{63C8115D-EA03-420B-8F57-D9C311EED25E}.Debug|x64.ActiveCfg = Debug|x64
		{63C8115D-EA03-420B-8F57-D9C311EED25E}.Debug|x64.Build.0 = Debug|x64
		{63C8115D-EA03-420B-8F57-D9C311EED25E}.Debug|x86.ActiveCfg = Debug|Win32
		{63C8115D-EA03-420B-8F57-D9C311EED25E}.Debug|x86.Build.0 = Debug|Win32
		{63C8115D-EA03-420B-8F57-D9C311EED25E}.Release|x64.ActiveCfg = Release|x64
		{63C8115D-EA03-420B-8F57-D9C311EED25E}.Release|x64.Build.0 = Release|x64
		{63C8115D-EA03-420B-8F57-D9C311EED25E}.Release|x86.ActiveCfg = Release|Win32
		{63C8115D-EA03-420B-8F57-D9C311EED25E}.Release|x86.Build.0 = Release|Win32
		{2E0B0BF5-E4F4-4551-B1ED-E03B9A04FB53}.Debug|x64.ActiveCfg = Debug|x64
		{2E0B0BF5-E4F4-4551-B1ED-E03B9A04FB53}.Debug|x64.Build.0 = Debug|x64
		{2E0B0BF5-E4F4-4551-B1ED-E03B9A04FB53}.Debug|x86.ActiveCfg = Debug|Win32
		{2E0B0BF5-E4F4-4551-B1ED-E03B9A04FB53}.Debug|x86.Build.0 = Debug|Win32
		{2E0B0BF5-E4F4-4551-B1ED-E03B9A04FB53}.Release|x64.ActiveCfg = Release|x64
		{2E0B0BF5-E4F4-4551-B1ED-E03B9A04FB53}.Release|x64.Build.0 = Release|x64
		{2E0B0BF5-E4F4-4551-B1ED-E03B9A04FB53}.Release|x86.ActiveCfg = Release|Win32
		{2E0B0BF5-E4F4-4551-B1ED-E03B9A04FB53}.Release|x86.Build.0 = Release|Win32
		{6279F7CC-1961-4F63-9E38-97327AA01EB5}.Debug|x64.ActiveCfg = Debug|x64
		{6279F7CC-1961-4F63-9E38-97327AA01EB5}.Debug|x64.Build.0 = Debug|x64
		{6279F7CC-1961-4F63-9E38-97327AA01EB5}.Debug|x86.ActiveCfg = Debug|Win32
		{6279F7CC-1961-4F63-9E38-97327AA01EB5}.Debug|x86.Build.0 = Debug|Win32
		{6279F7CC-1961-4F63-9E38-97327AA01EB5}.Release|x64.ActiveCfg = Release|x64
		{6279F7CC-1961-4F63-9E38-97327AA01EB5}.Release|x64.Build.0 = Release|x64
		{6279F7CC-1961-4F63-9E38-97327AA01EB5}.Release|x86.ActiveCfg = Release|Win32
		{6279F7CC-1961-4F63-9E38-97327AA01EB5}.Release|x86.Build.0 = Release|Win32
	EndGlobalSection
	GlobalSection(SolutionProperties) = preSolution
		HideSolutionNode = FALSE
	EndGlobalSection
	GlobalSection(NestedProjects) = preSolution
		{ED1E166E-0F11-415E-BF14-CA9428160045} = {9F54E0D2-EA19-47B3-A895-ED0154352811}
		{C4272F1D-F833-48C0-AB87-7F5DBF316AFB} = {B58A0895-F8E5-49C6-A7C9-E52705A705C7}
		{707FCA62-9858-4B89-8BC7-6F04802D39F5} = {54CDC48B-1E3F-4D0F-97E8-B1A399E1C91E}
		{A1AE411A-56F6-4585-8987-F4BD89F31A98} = {78A5DEF2-1E13-4E25-AFAE-57D8721CC514}
		{2AE3FB83-EBD9-449F-B2FA-C87798F65014} = {53065FD7-69DE-41BA-B13F-1339C265A702}
		{5F1328F5-9088-44CF-B42A-B5C85C099A9E} = {49F8D446-A675-4A3F-8E22-9F4C9A8EFCC5}
		{424DFC69-9EAD-4BB3-B4CE-EE14F915CAB3} = {DB85F151-4359-411E-B1F1-EA5C5FC29F48}
		{2858E322-A452-4F77-BA12-37B334570772} = {01AE5ED8-8474-41D0-8A20-B11310EE59C0}
		{39474D00-930F-4050-B439-34930B44D3FA} = {856A40E6-CF23-4BA4-9E06-CA8CFFAA3C8B}
		{0984D63F-F5E6-4EBF-9432-51A178F186E7} = {50A278D8-D514-4B66-94CA-7A4576747F4B}
		{CA0240EF-44EC-4C68-A1B6-138588480BAF} = {50A278D8-D514-4B66-94CA-7A4576747F4B}
		{2FA873AD-D0A4-480F-9BD6-748AA1951A19} = {50A278D8-D514-4B66-94CA-7A4576747F4B}
		{FE152027-14FD-49B8-8AF4-3A048C1A6854} = {03772B7F-FCBE-4AAD-A14F-057D5F1BA094}
		{04078880-045B-4D06-B138-809AAB0DFA58} = {D3B55DF0-F24C-47B9-BA13-98C2CA7C44BC}
		{63C8115D-EA03-420B-8F57-D9C311EED25E} = {7D72869D-8A0A-4891-B5C5-6A615A5F93FA}
		{6279F7CC-1961-4F63-9E38-97327AA01EB5} = {CA1F943F-00BF-4EF7-BA03-11852760A4F5}
	EndGlobalSection
	GlobalSection(ExtensibilityGlobals) = postSolution
		SolutionGuid = {F75C7EFF-F353-49CD-B8AE-8AF57F90D85F}
	EndGlobalSection
EndGlobal
